
Microsoft Visual Studio Solution File, Format Version 12.00
# Visual Studio Version 16
VisualStudioVersion = 16.0.29215.179
MinimumVisualStudioVersion = 10.0.40219.1
Project("{FAE04EC0-301F-11D3-BF4B-00C04F79EFBC}") = "DITest", "DITest\DITest.csproj", "{00513932-9BA9-4E86-A4C9-DD663E353886}"
EndProject
Global
	GlobalSection(SolutionConfigurationPlatforms) = preSolution
		Debug|Any CPU = Debug|Any CPU
		Release|Any CPU = Release|Any CPU
	EndGlobalSection
	GlobalSection(ProjectConfigurationPlatforms) = postSolution
		{00513932-9BA9-4E86-A4C9-DD663E353886}.Debug|Any CPU.ActiveCfg = Debug|Any CPU
		{00513932-9BA9-4E86-A4C9-DD663E353886}.Debug|Any CPU.Build.0 = Debug|Any CPU
		{00513932-9BA9-4E86-A4C9-DD663E353886}.Release|Any CPU.ActiveCfg = Release|Any CPU
		{00513932-9BA9-4E86-A4C9-DD663E353886}.Release|Any CPU.Build.0 = Release|Any CPU
	EndGlobalSection
	GlobalSection(SolutionProperties) = preSolution
		HideSolutionNode = FALSE
	EndGlobalSection
	GlobalSection(ExtensibilityGlobals) = postSolution
		SolutionGuid = {3ED9C12D-F7F5-4A21-9D1E-85A11296D0A6}
	EndGlobalSection
EndGlobal
